
Microsoft Visual Studio Solution File, Format Version 12.00
# Visual Studio Version 17
VisualStudioVersion = 17.5.33502.453
MinimumVisualStudioVersion = 10.0.40219.1
Project("{8BC9CEB8-8B4A-11D0-8D11-00A0C91BC942}") = "Assignment_5_Applied_Data_Structures", "Assignment_5_Applied_Data_Structures\Assignment_5_Applied_Data_Structures.vcxproj", "{EBE715D9-5891-4C29-AC11-8889E4F10B8E}"
EndProject
Global
	GlobalSection(SolutionConfigurationPlatforms) = preSolution
		Debug|x64 = Debug|x64
		Debug|x86 = Debug|x86
		Release|x64 = Release|x64
		Release|x86 = Release|x86
	EndGlobalSection
	GlobalSection(ProjectConfigurationPlatforms) = postSolution
		{EBE715D9-5891-4C29-AC11-8889E4F10B8E}.Debug|x64.ActiveCfg = Debug|x64
		{EBE715D9-5891-4C29-AC11-8889E4F10B8E}.Debug|x64.Build.0 = Debug|x64
		{EBE715D9-5891-4C29-AC11-8889E4F10B8E}.Debug|x86.ActiveCfg = Debug|Win32
		{EBE715D9-5891-4C29-AC11-8889E4F10B8E}.Debug|x86.Build.0 = Debug|Win32
		{EBE715D9-5891-4C29-AC11-8889E4F10B8E}.Release|x64.ActiveCfg = Release|x64
		{EBE715D9-5891-4C29-AC11-8889E4F10B8E}.Release|x64.Build.0 = Release|x64
		{EBE715D9-5891-4C29-AC11-8889E4F10B8E}.Release|x86.ActiveCfg = Release|Win32
		{EBE715D9-5891-4C29-AC11-8889E4F10B8E}.Release|x86.Build.0 = Release|Win32
	EndGlobalSection
	GlobalSection(SolutionProperties) = preSolution
		HideSolutionNode = FALSE
	EndGlobalSection
	GlobalSection(ExtensibilityGlobals) = postSolution
		SolutionGuid = {E1F47FAA-83F3-49A5-BC5D-9E1F76120E58}
	EndGlobalSection
EndGlobal
